%{"certifi": {:hex, :certifi, "0.4.0"},
  "docs_ghpages": {:git, "https://github.com/jjh42/docs_ghpages.git", "48026d548475a5b03e4a39282d0cbd9d9c4973d6", []},
  "ex_doc": {:git, "https://github.com/elixir-lang/ex_doc.git", "faf5b85c7aabf5abe7f408c9bf51a6462ea28910", []},
  "excoveralls": {:hex, :excoveralls, "0.5.1"},
  "exjsx": {:hex, :exjsx, "3.2.0"},
  "hackney": {:hex, :hackney, "1.5.0"},
  "hoedown": {:git, "https://github.com/hoedown/hoedown.git", "980b9c549b4348d50b683ecee6abee470b98acda", []},
  "idna": {:hex, :idna, "1.1.0"},
  "jsx": {:hex, :jsx, "2.6.2"},
  "markdown": {:git, "https://github.com/devinus/markdown.git", "9b3beaf69a9b9c6450526c41d591a94d2eedf1e8", []},
  "meck": {:hex, :meck, "0.8.4"},
  "metrics": {:hex, :metrics, "1.0.1"},
  "mimerl": {:hex, :mimerl, "1.0.2"},
  "ssl_verify_hostname": {:hex, :ssl_verify_hostname, "1.0.5"}}
